// !$*UTF8*$!
{
	archiveVersion = 1;
	classes = {
	};
	objectVersion = 46;
	objects = {

/* Begin PBXAggregateTarget section */
		284D3B83297596F57CDA82D5 /* HostPluginDemo - All */ = {
			isa = PBXAggregateTarget;
			buildConfigurationList = AE7E4E412C501B2363120716 /* Build configuration list for PBXAggregateTarget "HostPluginDemo - All" */;
			buildPhases = (
			);
			dependencies = (
				AE7A56C43BF0E9E6AF01EFFD /* PBXTargetDependency */,
				68D6609D301E0B70766B258F /* PBXTargetDependency */,
			);
			name = "HostPluginDemo - All";
			productName = HostPluginDemo;
		};
/* End PBXAggregateTarget section */

/* Begin PBXBuildFile section */
		00E25C58A3A24C9C78D6CC7C /* QuartzCore.framework in Frameworks */ = {isa = PBXBuildFile; fileRef = 15C614E3045638F7592521E4 /* QuartzCore.framework */; };
		075E2A972D5D40C600D1253D /* PluginScanner.mm in Sources */ = {isa = PBXBuildFile; fileRef = 075E2A962D5D40C600D1253D /* PluginScanner.mm */; };
		0DE6D99DB7FF3B8E4EC10B83 /* Main.cpp in Sources */ = {isa = PBXBuildFile; fileRef = 313B0F6D966352288880896A /* Main.cpp */; };
		0F289C93B9EFD2B16BD6EE53 /* include_juce_audio_plugin_client_ARA.cpp in Sources */ = {isa = PBXBuildFile; fileRef = D5E65401E35A93B9C6828E77 /* include_juce_audio_plugin_client_ARA.cpp */; };
		262D51DED38DD0F8ED38F637 /* UIKit.framework in Frameworks */ = {isa = PBXBuildFile; fileRef = D7E0562AABBBF8958FBCCB8D /* UIKit.framework */; };
		2E81E90263AF5136F6CE9BD1 /* AudioToolbox.framework in Frameworks */ = {isa = PBXBuildFile; fileRef = 2E1903D4BCC3C6C522C511BA /* AudioToolbox.framework */; };
		332910A3D1E6F9A7626859AF /* include_juce_core_CompilationTime.cpp in Sources */ = {isa = PBXBuildFile; fileRef = 367FCA3657E83750B4887E14 /* include_juce_core_CompilationTime.cpp */; };
		352B5D9F70A36CFD633FA7B2 /* CoreText.framework in Frameworks */ = {isa = PBXBuildFile; fileRef = 46A2B8B7F7954FF8486E45D9 /* CoreText.framework */; };
		36EBC6C0EAEF12FE5FCBC112 /* WebKit.framework in Frameworks */ = {isa = PBXBuildFile; fileRef = C66C5A7958456C86048EF497 /* WebKit.framework */; };
		3AC54886EFE0BD4AFF867B21 /* CoreImage.framework in Frameworks */ = {isa = PBXBuildFile; fileRef = F5B750512DE40F15DEF15E48 /* CoreImage.framework */; };
		3BEEC79776121637F7B999E0 /* include_juce_gui_extra.mm in Sources */ = {isa = PBXBuildFile; fileRef = 38D0BE6AAAC85BDB630CD786 /* include_juce_gui_extra.mm */; };
		3DA7991BD59C293EEC73A9F1 /* include_juce_audio_devices.mm in Sources */ = {isa = PBXBuildFile; fileRef = 7701903D456F082DA7E54ACF /* include_juce_audio_devices.mm */; };
		4D2744D52F0A3B9B8DF330F8 /* include_juce_audio_basics.mm in Sources */ = {isa = PBXBuildFile; fileRef = 94C38BBEA7EE59F1B028AC14 /* include_juce_audio_basics.mm */; };
		52B090C7EEE665D28B246D30 /* LaunchScreen.storyboard in Resources */ = {isa = PBXBuildFile; fileRef = 0146AE9DF8F6826C9853C474 /* LaunchScreen.storyboard */; };
		56D94B123B84DFFF5DFE6EEE /* Metal.framework in Frameworks */ = {isa = PBXBuildFile; fileRef = CF40BD421344E7CA3DA5DCCC /* Metal.framework */; settings = {ATTRIBUTES = (Weak, ); }; };
		5A8CEA77D85BA1694BD43A47 /* include_juce_audio_processors.mm in Sources */ = {isa = PBXBuildFile; fileRef = AEBE39C61E3A364EDC36DD90 /* include_juce_audio_processors.mm */; };
		5AE7B81129089B4BBDE2E447 /* Images.xcassets in Resources */ = {isa = PBXBuildFile; fileRef = B5F82278EFD66A5F9623448A /* Images.xcassets */; };
		5E0868BF976DD63AD8F5AAE8 /* CoreMIDI.framework in Frameworks */ = {isa = PBXBuildFile; fileRef = DB83C48C848D926FD5F71FD6 /* CoreMIDI.framework */; };
		5E6AA39264556E48358F3310 /* include_juce_graphics.mm in Sources */ = {isa = PBXBuildFile; fileRef = A2EE4274646A0EABB2CC0D28 /* include_juce_graphics.mm */; };
		6976DA93727B409F1AE970A9 /* CoreServices.framework in Frameworks */ = {isa = PBXBuildFile; fileRef = 83BE50E7CDF9996CA37EEA2C /* CoreServices.framework */; };
		69B1497641B3CC351C0F1F82 /* include_juce_audio_plugin_client_Standalone.cpp in Sources */ = {isa = PBXBuildFile; fileRef = 4E17E1513CBE6ED920EC3A0D /* include_juce_audio_plugin_client_Standalone.cpp */; };
		71096161EE881DE4065517FD /* Accelerate.framework in Frameworks */ = {isa = PBXBuildFile; fileRef = 92A30DDE8552FB6E7164F362 /* Accelerate.framework */; };
		7EE5986F72D7422E1416F623 /* include_juce_events.mm in Sources */ = {isa = PBXBuildFile; fileRef = 2497CB90D56668D5A2DF2E29 /* include_juce_events.mm */; };
		7FBDE2A4C67C4A5E747289CB /* include_juce_gui_basics.mm in Sources */ = {isa = PBXBuildFile; fileRef = D5BBF907714A8879F0A99AB4 /* include_juce_gui_basics.mm */; };
		8130962A74993EE3C0D9B0E9 /* include_juce_graphics_Sheenbidi.c in Sources */ = {isa = PBXBuildFile; fileRef = 2A8752A5DE5A0A72EFA22FBA /* include_juce_graphics_Sheenbidi.c */; };
		84641A94922870F4CCCC8467 /* include_juce_audio_formats.mm in Sources */ = {isa = PBXBuildFile; fileRef = BEA9CC532E83AB19EBB3ADF8 /* include_juce_audio_formats.mm */; };
		8642934DC8FB770B514CEBE6 /* include_juce_audio_processors_lv2_libs.cpp in Sources */ = {isa = PBXBuildFile; fileRef = 2DE236D844D6D70E9932E896 /* include_juce_audio_processors_lv2_libs.cpp */; };
		92D822159DD11ECF81917432 /* MetalKit.framework in Frameworks */ = {isa = PBXBuildFile; fileRef = 844B071B7EC6DE61223A55D7 /* MetalKit.framework */; settings = {ATTRIBUTES = (Weak, ); }; };
		9484EFF305D2809A74AAB696 /* include_juce_audio_processors_ara.cpp in Sources */ = {isa = PBXBuildFile; fileRef = 0BC53C06FAAD0818D9182E4C /* include_juce_audio_processors_ara.cpp */; };
		A4A81E716BC56F4561D8E8B4 /* CoreAudio.framework in Frameworks */ = {isa = PBXBuildFile; fileRef = 0F42470C36D602293773DAF3 /* CoreAudio.framework */; };
		A9C8A372BF0BDA1EF235FFBB /* include_juce_audio_utils.mm in Sources */ = {isa = PBXBuildFile; fileRef = 6BF6DF60B174C9A04974BD7A /* include_juce_audio_utils.mm */; };
		A9D798EE02CDAEE57F696DBB /* UserNotifications.framework in Frameworks */ = {isa = PBXBuildFile; fileRef = BBD313D3FE396651E2C7566E /* UserNotifications.framework */; settings = {ATTRIBUTES = (Weak, ); }; };
		AB6A438CE3174528F7CEBF82 /* UniformTypeIdentifiers.framework in Frameworks */ = {isa = PBXBuildFile; fileRef = 1F56B9C8EE4323B487735BD7 /* UniformTypeIdentifiers.framework */; settings = {ATTRIBUTES = (Weak, ); }; };
		B03B55CF9FB1FA621BBC8280 /* CoreAudioKit.framework in Frameworks */ = {isa = PBXBuildFile; fileRef = 9F10756D4CDCC24F79F0F982 /* CoreAudioKit.framework */; };
		D069A7D2744CC1FBB1025CC6 /* include_juce_core.mm in Sources */ = {isa = PBXBuildFile; fileRef = 0E183AD20BEE7891E02DCE41 /* include_juce_core.mm */; };
		D1217D54C81FCFDAC77468DD /* Foundation.framework in Frameworks */ = {isa = PBXBuildFile; fileRef = 5434DCA167C532CE5D097BA4 /* Foundation.framework */; };
		DC77D9873F3588C18EB087FE /* CoreGraphics.framework in Frameworks */ = {isa = PBXBuildFile; fileRef = 24175ACA5763A7BF396B5A65 /* CoreGraphics.framework */; };
		E6CA8A5F3EA1B5AFCAC454A7 /* include_juce_graphics_Harfbuzz.cpp in Sources */ = {isa = PBXBuildFile; fileRef = 209B2E2AA3B3116EBB4BD119 /* include_juce_graphics_Harfbuzz.cpp */; };
		E895DC4C2C08863625E0ABAE /* AVFoundation.framework in Frameworks */ = {isa = PBXBuildFile; fileRef = F5FE427B886A41DB2A33BBE4 /* AVFoundation.framework */; };
		EB0A119B1BAB4B107CC9DC40 /* include_juce_data_structures.mm in Sources */ = {isa = PBXBuildFile; fileRef = E3AD5F85E90ABA65CF215FD1 /* include_juce_data_structures.mm */; };
/* End PBXBuildFile section */

/* Begin PBXContainerItemProxy section */
		075E2A852D5D1F0300D1253D /* PBXContainerItemProxy */ = {
			isa = PBXContainerItemProxy;
			containerPortal = 426EC354623FA9CD7D144484 /* Project object */;
			proxyType = 1;
			remoteGlobalIDString = 1A794D1CEAA9554E51E1247C;
			remoteInfo = "HostPluginDemo - Shared Code";
		};
		075E2A8B2D5D1F0400D1253D /* PBXContainerItemProxy */ = {
			isa = PBXContainerItemProxy;
			containerPortal = 426EC354623FA9CD7D144484 /* Project object */;
			proxyType = 1;
			remoteGlobalIDString = B89FE3EEB3E2E4771A2BEAB4;
			remoteInfo = "HostPluginDemo - Standalone Plugin";
		};
		075E2A8C2D5D1F0400D1253D /* PBXContainerItemProxy */ = {
			isa = PBXContainerItemProxy;
			containerPortal = 426EC354623FA9CD7D144484 /* Project object */;
			proxyType = 1;
			remoteGlobalIDString = 1A794D1CEAA9554E51E1247C;
			remoteInfo = "HostPluginDemo - Shared Code";
		};
/* End PBXContainerItemProxy section */

/* Begin PBXFileReference section */
		0146AE9DF8F6826C9853C474 /* LaunchScreen.storyboard */ = {isa = PBXFileReference; lastKnownFileType = file.storyboard; path = LaunchScreen.storyboard; sourceTree = SOURCE_ROOT; };
		075E2A962D5D40C600D1253D /* PluginScanner.mm */ = {isa = PBXFileReference; lastKnownFileType = sourcecode.cpp.objcpp; name = PluginScanner.mm; path = ../../Source/PluginScanner.mm; sourceTree = "<group>"; };
		0BC53C06FAAD0818D9182E4C /* include_juce_audio_processors_ara.cpp */ = {isa = PBXFileReference; lastKnownFileType = sourcecode.cpp.cpp; name = include_juce_audio_processors_ara.cpp; path = ../../JuceLibraryCode/include_juce_audio_processors_ara.cpp; sourceTree = SOURCE_ROOT; };
		0E183AD20BEE7891E02DCE41 /* include_juce_core.mm */ = {isa = PBXFileReference; lastKnownFileType = sourcecode.cpp.objcpp; name = include_juce_core.mm; path = ../../JuceLibraryCode/include_juce_core.mm; sourceTree = SOURCE_ROOT; };
		0F42470C36D602293773DAF3 /* CoreAudio.framework */ = {isa = PBXFileReference; lastKnownFileType = wrapper.framework; name = CoreAudio.framework; path = System/Library/Frameworks/CoreAudio.framework; sourceTree = SDKROOT; };
		1020021E435E954F354A0769 /* juce_graphics */ = {isa = PBXFileReference; lastKnownFileType = folder; name = juce_graphics; path = /Users/aman/Downloads/JUCE/modules/juce_graphics; sourceTree = "<absolute>"; };
		1146C8443900D5C72E615A74 /* juce_audio_basics */ = {isa = PBXFileReference; lastKnownFileType = folder; name = juce_audio_basics; path = /Users/aman/Downloads/JUCE/modules/juce_audio_basics; sourceTree = "<absolute>"; };
		13D3C77E6BC3DC2A7B8AFE7F /* juce_data_structures */ = {isa = PBXFileReference; lastKnownFileType = folder; name = juce_data_structures; path = /Users/aman/Downloads/JUCE/modules/juce_data_structures; sourceTree = "<absolute>"; };
		15C614E3045638F7592521E4 /* QuartzCore.framework */ = {isa = PBXFileReference; lastKnownFileType = wrapper.framework; name = QuartzCore.framework; path = System/Library/Frameworks/QuartzCore.framework; sourceTree = SDKROOT; };
		1F56B9C8EE4323B487735BD7 /* UniformTypeIdentifiers.framework */ = {isa = PBXFileReference; lastKnownFileType = wrapper.framework; name = UniformTypeIdentifiers.framework; path = System/Library/Frameworks/UniformTypeIdentifiers.framework; sourceTree = SDKROOT; };
		209B2E2AA3B3116EBB4BD119 /* include_juce_graphics_Harfbuzz.cpp */ = {isa = PBXFileReference; lastKnownFileType = sourcecode.cpp.cpp; name = include_juce_graphics_Harfbuzz.cpp; path = ../../JuceLibraryCode/include_juce_graphics_Harfbuzz.cpp; sourceTree = SOURCE_ROOT; };
		24175ACA5763A7BF396B5A65 /* CoreGraphics.framework */ = {isa = PBXFileReference; lastKnownFileType = wrapper.framework; name = CoreGraphics.framework; path = System/Library/Frameworks/CoreGraphics.framework; sourceTree = SDKROOT; };
		2497CB90D56668D5A2DF2E29 /* include_juce_events.mm */ = {isa = PBXFileReference; lastKnownFileType = sourcecode.cpp.objcpp; name = include_juce_events.mm; path = ../../JuceLibraryCode/include_juce_events.mm; sourceTree = SOURCE_ROOT; };
		2A8752A5DE5A0A72EFA22FBA /* include_juce_graphics_Sheenbidi.c */ = {isa = PBXFileReference; lastKnownFileType = sourcecode.c.c; name = include_juce_graphics_Sheenbidi.c; path = ../../JuceLibraryCode/include_juce_graphics_Sheenbidi.c; sourceTree = SOURCE_ROOT; };
		2DE236D844D6D70E9932E896 /* include_juce_audio_processors_lv2_libs.cpp */ = {isa = PBXFileReference; lastKnownFileType = sourcecode.cpp.cpp; name = include_juce_audio_processors_lv2_libs.cpp; path = ../../JuceLibraryCode/include_juce_audio_processors_lv2_libs.cpp; sourceTree = SOURCE_ROOT; };
		2E1903D4BCC3C6C522C511BA /* AudioToolbox.framework */ = {isa = PBXFileReference; lastKnownFileType = wrapper.framework; name = AudioToolbox.framework; path = System/Library/Frameworks/AudioToolbox.framework; sourceTree = SDKROOT; };
		313B0F6D966352288880896A /* Main.cpp */ = {isa = PBXFileReference; lastKnownFileType = sourcecode.cpp.cpp; name = Main.cpp; path = ../../Source/Main.cpp; sourceTree = SOURCE_ROOT; };
		367FCA3657E83750B4887E14 /* include_juce_core_CompilationTime.cpp */ = {isa = PBXFileReference; lastKnownFileType = sourcecode.cpp.cpp; name = include_juce_core_CompilationTime.cpp; path = ../../JuceLibraryCode/include_juce_core_CompilationTime.cpp; sourceTree = SOURCE_ROOT; };
		36D1D20D69F0669F2ABD5F08 /* juce_audio_formats */ = {isa = PBXFileReference; lastKnownFileType = folder; name = juce_audio_formats; path = /Users/aman/Downloads/JUCE/modules/juce_audio_formats; sourceTree = "<absolute>"; };
		38D0BE6AAAC85BDB630CD786 /* include_juce_gui_extra.mm */ = {isa = PBXFileReference; lastKnownFileType = sourcecode.cpp.objcpp; name = include_juce_gui_extra.mm; path = ../../JuceLibraryCode/include_juce_gui_extra.mm; sourceTree = SOURCE_ROOT; };
		46A2B8B7F7954FF8486E45D9 /* CoreText.framework */ = {isa = PBXFileReference; lastKnownFileType = wrapper.framework; name = CoreText.framework; path = System/Library/Frameworks/CoreText.framework; sourceTree = SDKROOT; };
		48FCF6FC27A94591E10CC4FC /* juce_events */ = {isa = PBXFileReference; lastKnownFileType = folder; name = juce_events; path = /Users/aman/Downloads/JUCE/modules/juce_events; sourceTree = "<absolute>"; };
		4D2AA995D0DD7631A8A0F1E0 /* juce_audio_devices */ = {isa = PBXFileReference; lastKnownFileType = folder; name = juce_audio_devices; path = /Users/aman/Downloads/JUCE/modules/juce_audio_devices; sourceTree = "<absolute>"; };
		4E036897D40BDAD75D9DF3AD /* HostPluginDemo.app */ = {isa = PBXFileReference; explicitFileType = wrapper.application; includeInIndex = 0; path = HostPluginDemo.app; sourceTree = BUILT_PRODUCTS_DIR; };
		4E17E1513CBE6ED920EC3A0D /* include_juce_audio_plugin_client_Standalone.cpp */ = {isa = PBXFileReference; lastKnownFileType = sourcecode.cpp.cpp; name = include_juce_audio_plugin_client_Standalone.cpp; path = ../../JuceLibraryCode/include_juce_audio_plugin_client_Standalone.cpp; sourceTree = SOURCE_ROOT; };
		510CCCF3C430E7443034BFEB /* juce_core */ = {isa = PBXFileReference; lastKnownFileType = folder; name = juce_core; path = /Users/aman/Downloads/JUCE/modules/juce_core; sourceTree = "<absolute>"; };
		5434DCA167C532CE5D097BA4 /* Foundation.framework */ = {isa = PBXFileReference; lastKnownFileType = wrapper.framework; name = Foundation.framework; path = System/Library/Frameworks/Foundation.framework; sourceTree = SDKROOT; };
		6BF6DF60B174C9A04974BD7A /* include_juce_audio_utils.mm */ = {isa = PBXFileReference; lastKnownFileType = sourcecode.cpp.objcpp; name = include_juce_audio_utils.mm; path = ../../JuceLibraryCode/include_juce_audio_utils.mm; sourceTree = SOURCE_ROOT; };
		7701903D456F082DA7E54ACF /* include_juce_audio_devices.mm */ = {isa = PBXFileReference; lastKnownFileType = sourcecode.cpp.objcpp; name = include_juce_audio_devices.mm; path = ../../JuceLibraryCode/include_juce_audio_devices.mm; sourceTree = SOURCE_ROOT; };
		83BE50E7CDF9996CA37EEA2C /* CoreServices.framework */ = {isa = PBXFileReference; lastKnownFileType = wrapper.framework; name = CoreServices.framework; path = System/Library/Frameworks/CoreServices.framework; sourceTree = SDKROOT; };
		844B071B7EC6DE61223A55D7 /* MetalKit.framework */ = {isa = PBXFileReference; lastKnownFileType = wrapper.framework; name = MetalKit.framework; path = System/Library/Frameworks/MetalKit.framework; sourceTree = SDKROOT; };
		86BCFA2DD864143DDBC826C5 /* juce_gui_extra */ = {isa = PBXFileReference; lastKnownFileType = folder; name = juce_gui_extra; path = /Users/aman/Downloads/JUCE/modules/juce_gui_extra; sourceTree = "<absolute>"; };
		8FCF10919095E5E42D3C0C30 /* libHostPluginDemo.a */ = {isa = PBXFileReference; explicitFileType = archive.ar; includeInIndex = 0; path = libHostPluginDemo.a; sourceTree = BUILT_PRODUCTS_DIR; };
		92A30DDE8552FB6E7164F362 /* Accelerate.framework */ = {isa = PBXFileReference; lastKnownFileType = wrapper.framework; name = Accelerate.framework; path = System/Library/Frameworks/Accelerate.framework; sourceTree = SDKROOT; };
		94C38BBEA7EE59F1B028AC14 /* include_juce_audio_basics.mm */ = {isa = PBXFileReference; lastKnownFileType = sourcecode.cpp.objcpp; name = include_juce_audio_basics.mm; path = ../../JuceLibraryCode/include_juce_audio_basics.mm; sourceTree = SOURCE_ROOT; };
		982C988FBC88F5E51662EE75 /* HostPluginDemo.h */ = {isa = PBXFileReference; lastKnownFileType = sourcecode.c.h; name = HostPluginDemo.h; path = ../../Source/HostPluginDemo.h; sourceTree = SOURCE_ROOT; };
		9F0AED106AA646FBBBA26E28 /* juce_audio_processors */ = {isa = PBXFileReference; lastKnownFileType = folder; name = juce_audio_processors; path = /Users/aman/Downloads/JUCE/modules/juce_audio_processors; sourceTree = "<absolute>"; };
		9F10756D4CDCC24F79F0F982 /* CoreAudioKit.framework */ = {isa = PBXFileReference; lastKnownFileType = wrapper.framework; name = CoreAudioKit.framework; path = System/Library/Frameworks/CoreAudioKit.framework; sourceTree = SDKROOT; };
		A2EE4274646A0EABB2CC0D28 /* include_juce_graphics.mm */ = {isa = PBXFileReference; lastKnownFileType = sourcecode.cpp.objcpp; name = include_juce_graphics.mm; path = ../../JuceLibraryCode/include_juce_graphics.mm; sourceTree = SOURCE_ROOT; };
		AEBE39C61E3A364EDC36DD90 /* include_juce_audio_processors.mm */ = {isa = PBXFileReference; lastKnownFileType = sourcecode.cpp.objcpp; name = include_juce_audio_processors.mm; path = ../../JuceLibraryCode/include_juce_audio_processors.mm; sourceTree = SOURCE_ROOT; };
		AFD56BB66D54876B6D23041D /* JuceHeader.h */ = {isa = PBXFileReference; lastKnownFileType = sourcecode.c.h; name = JuceHeader.h; path = ../../JuceLibraryCode/JuceHeader.h; sourceTree = SOURCE_ROOT; };
		B5F82278EFD66A5F9623448A /* Images.xcassets */ = {isa = PBXFileReference; lastKnownFileType = folder.assetcatalog; name = Images.xcassets; path = HostPluginDemo/Images.xcassets; sourceTree = SOURCE_ROOT; };
		B95F925EF3777DDB4AA61CA5 /* juce_gui_basics */ = {isa = PBXFileReference; lastKnownFileType = folder; name = juce_gui_basics; path = /Users/aman/Downloads/JUCE/modules/juce_gui_basics; sourceTree = "<absolute>"; };
		BBD313D3FE396651E2C7566E /* UserNotifications.framework */ = {isa = PBXFileReference; lastKnownFileType = wrapper.framework; name = UserNotifications.framework; path = System/Library/Frameworks/UserNotifications.framework; sourceTree = SDKROOT; };
		BEA9CC532E83AB19EBB3ADF8 /* include_juce_audio_formats.mm */ = {isa = PBXFileReference; lastKnownFileType = sourcecode.cpp.objcpp; name = include_juce_audio_formats.mm; path = ../../JuceLibraryCode/include_juce_audio_formats.mm; sourceTree = SOURCE_ROOT; };
		C4EDB3EB93DAE3771CFAE6D2 /* juce_audio_plugin_client */ = {isa = PBXFileReference; lastKnownFileType = folder; name = juce_audio_plugin_client; path = /Users/aman/Downloads/JUCE/modules/juce_audio_plugin_client; sourceTree = "<absolute>"; };
		C66C5A7958456C86048EF497 /* WebKit.framework */ = {isa = PBXFileReference; lastKnownFileType = wrapper.framework; name = WebKit.framework; path = System/Library/Frameworks/WebKit.framework; sourceTree = SDKROOT; };
		CF40BD421344E7CA3DA5DCCC /* Metal.framework */ = {isa = PBXFileReference; lastKnownFileType = wrapper.framework; name = Metal.framework; path = System/Library/Frameworks/Metal.framework; sourceTree = SDKROOT; };
		D5BBF907714A8879F0A99AB4 /* include_juce_gui_basics.mm */ = {isa = PBXFileReference; lastKnownFileType = sourcecode.cpp.objcpp; name = include_juce_gui_basics.mm; path = ../../JuceLibraryCode/include_juce_gui_basics.mm; sourceTree = SOURCE_ROOT; };
		D5E65401E35A93B9C6828E77 /* include_juce_audio_plugin_client_ARA.cpp */ = {isa = PBXFileReference; lastKnownFileType = sourcecode.cpp.cpp; name = include_juce_audio_plugin_client_ARA.cpp; path = ../../JuceLibraryCode/include_juce_audio_plugin_client_ARA.cpp; sourceTree = SOURCE_ROOT; };
		D7E0562AABBBF8958FBCCB8D /* UIKit.framework */ = {isa = PBXFileReference; lastKnownFileType = wrapper.framework; name = UIKit.framework; path = System/Library/Frameworks/UIKit.framework; sourceTree = SDKROOT; };
		DB83C48C848D926FD5F71FD6 /* CoreMIDI.framework */ = {isa = PBXFileReference; lastKnownFileType = wrapper.framework; name = CoreMIDI.framework; path = System/Library/Frameworks/CoreMIDI.framework; sourceTree = SDKROOT; };
		E3AD5F85E90ABA65CF215FD1 /* include_juce_data_structures.mm */ = {isa = PBXFileReference; lastKnownFileType = sourcecode.cpp.objcpp; name = include_juce_data_structures.mm; path = ../../JuceLibraryCode/include_juce_data_structures.mm; sourceTree = SOURCE_ROOT; };
		E3F168564E9D5A03DEA252D5 /* juce_audio_utils */ = {isa = PBXFileReference; lastKnownFileType = folder; name = juce_audio_utils; path = /Users/aman/Downloads/JUCE/modules/juce_audio_utils; sourceTree = "<absolute>"; };
		EA11BE74C1EF92C6D4037595 /* JucePluginDefines.h */ = {isa = PBXFileReference; lastKnownFileType = sourcecode.c.h; name = JucePluginDefines.h; path = ../../JuceLibraryCode/JucePluginDefines.h; sourceTree = SOURCE_ROOT; };
		F5B750512DE40F15DEF15E48 /* CoreImage.framework */ = {isa = PBXFileReference; lastKnownFileType = wrapper.framework; name = CoreImage.framework; path = System/Library/Frameworks/CoreImage.framework; sourceTree = SDKROOT; };
		F5FE427B886A41DB2A33BBE4 /* AVFoundation.framework */ = {isa = PBXFileReference; lastKnownFileType = wrapper.framework; name = AVFoundation.framework; path = System/Library/Frameworks/AVFoundation.framework; sourceTree = SDKROOT; };
		F8AD9A31A101D9B7D33CD910 /* Info-Standalone_Plugin.plist */ = {isa = PBXFileReference; lastKnownFileType = text.plist.xml; path = "Info-Standalone_Plugin.plist"; sourceTree = SOURCE_ROOT; };
/* End PBXFileReference section */

/* Begin PBXFrameworksBuildPhase section */
		0BA69E250EFB33B03C2773CC /* Frameworks */ = {
			isa = PBXFrameworksBuildPhase;
			buildActionMask = 2147483647;
			files = (
				71096161EE881DE4065517FD /* Accelerate.framework in Frameworks */,
				2E81E90263AF5136F6CE9BD1 /* AudioToolbox.framework in Frameworks */,
				E895DC4C2C08863625E0ABAE /* AVFoundation.framework in Frameworks */,
				A4A81E716BC56F4561D8E8B4 /* CoreAudio.framework in Frameworks */,
				B03B55CF9FB1FA621BBC8280 /* CoreAudioKit.framework in Frameworks */,
				DC77D9873F3588C18EB087FE /* CoreGraphics.framework in Frameworks */,
				3AC54886EFE0BD4AFF867B21 /* CoreImage.framework in Frameworks */,
				5E0868BF976DD63AD8F5AAE8 /* CoreMIDI.framework in Frameworks */,
				6976DA93727B409F1AE970A9 /* CoreServices.framework in Frameworks */,
				352B5D9F70A36CFD633FA7B2 /* CoreText.framework in Frameworks */,
				D1217D54C81FCFDAC77468DD /* Foundation.framework in Frameworks */,
				00E25C58A3A24C9C78D6CC7C /* QuartzCore.framework in Frameworks */,
				262D51DED38DD0F8ED38F637 /* UIKit.framework in Frameworks */,
				36EBC6C0EAEF12FE5FCBC112 /* WebKit.framework in Frameworks */,
				56D94B123B84DFFF5DFE6EEE /* Metal.framework in Frameworks */,
				92D822159DD11ECF81917432 /* MetalKit.framework in Frameworks */,
				AB6A438CE3174528F7CEBF82 /* UniformTypeIdentifiers.framework in Frameworks */,
				A9D798EE02CDAEE57F696DBB /* UserNotifications.framework in Frameworks */,
			);
			runOnlyForDeploymentPostprocessing = 0;
		};
/* End PBXFrameworksBuildPhase section */

/* Begin PBXGroup section */
		2087455483F08314B930B0FA /* Source */ = {
			isa = PBXGroup;
			children = (
				075E2A962D5D40C600D1253D /* PluginScanner.mm */,
				313B0F6D966352288880896A /* Main.cpp */,
				982C988FBC88F5E51662EE75 /* HostPluginDemo.h */,
			);
			name = Source;
			sourceTree = "<group>";
		};
		347D7A8E6101C2CC019F4AF4 /* Resources */ = {
			isa = PBXGroup;
			children = (
				F8AD9A31A101D9B7D33CD910 /* Info-Standalone_Plugin.plist */,
				B5F82278EFD66A5F9623448A /* Images.xcassets */,
				0146AE9DF8F6826C9853C474 /* LaunchScreen.storyboard */,
			);
			name = Resources;
			sourceTree = "<group>";
		};
		39C5B168F0FB2BA1235B637B /* Frameworks */ = {
			isa = PBXGroup;
			children = (
				92A30DDE8552FB6E7164F362 /* Accelerate.framework */,
				2E1903D4BCC3C6C522C511BA /* AudioToolbox.framework */,
				F5FE427B886A41DB2A33BBE4 /* AVFoundation.framework */,
				0F42470C36D602293773DAF3 /* CoreAudio.framework */,
				9F10756D4CDCC24F79F0F982 /* CoreAudioKit.framework */,
				24175ACA5763A7BF396B5A65 /* CoreGraphics.framework */,
				F5B750512DE40F15DEF15E48 /* CoreImage.framework */,
				DB83C48C848D926FD5F71FD6 /* CoreMIDI.framework */,
				83BE50E7CDF9996CA37EEA2C /* CoreServices.framework */,
				46A2B8B7F7954FF8486E45D9 /* CoreText.framework */,
				5434DCA167C532CE5D097BA4 /* Foundation.framework */,
				15C614E3045638F7592521E4 /* QuartzCore.framework */,
				D7E0562AABBBF8958FBCCB8D /* UIKit.framework */,
				C66C5A7958456C86048EF497 /* WebKit.framework */,
				CF40BD421344E7CA3DA5DCCC /* Metal.framework */,
				844B071B7EC6DE61223A55D7 /* MetalKit.framework */,
				1F56B9C8EE4323B487735BD7 /* UniformTypeIdentifiers.framework */,
				BBD313D3FE396651E2C7566E /* UserNotifications.framework */,
			);
			name = Frameworks;
			sourceTree = "<group>";
		};
		6BE29620C763348048F19C22 /* HostPluginDemo */ = {
			isa = PBXGroup;
			children = (
				2087455483F08314B930B0FA /* Source */,
			);
			name = HostPluginDemo;
			sourceTree = "<group>";
		};
		8A26743A96FBE946C80B1310 /* JUCE Library Code */ = {
			isa = PBXGroup;
			children = (
				94C38BBEA7EE59F1B028AC14 /* include_juce_audio_basics.mm */,
				7701903D456F082DA7E54ACF /* include_juce_audio_devices.mm */,
				BEA9CC532E83AB19EBB3ADF8 /* include_juce_audio_formats.mm */,
				D5E65401E35A93B9C6828E77 /* include_juce_audio_plugin_client_ARA.cpp */,
				4E17E1513CBE6ED920EC3A0D /* include_juce_audio_plugin_client_Standalone.cpp */,
				AEBE39C61E3A364EDC36DD90 /* include_juce_audio_processors.mm */,
				0BC53C06FAAD0818D9182E4C /* include_juce_audio_processors_ara.cpp */,
				2DE236D844D6D70E9932E896 /* include_juce_audio_processors_lv2_libs.cpp */,
				6BF6DF60B174C9A04974BD7A /* include_juce_audio_utils.mm */,
				0E183AD20BEE7891E02DCE41 /* include_juce_core.mm */,
				367FCA3657E83750B4887E14 /* include_juce_core_CompilationTime.cpp */,
				E3AD5F85E90ABA65CF215FD1 /* include_juce_data_structures.mm */,
				2497CB90D56668D5A2DF2E29 /* include_juce_events.mm */,
				A2EE4274646A0EABB2CC0D28 /* include_juce_graphics.mm */,
				209B2E2AA3B3116EBB4BD119 /* include_juce_graphics_Harfbuzz.cpp */,
				2A8752A5DE5A0A72EFA22FBA /* include_juce_graphics_Sheenbidi.c */,
				D5BBF907714A8879F0A99AB4 /* include_juce_gui_basics.mm */,
				38D0BE6AAAC85BDB630CD786 /* include_juce_gui_extra.mm */,
				AFD56BB66D54876B6D23041D /* JuceHeader.h */,
				EA11BE74C1EF92C6D4037595 /* JucePluginDefines.h */,
			);
			name = "JUCE Library Code";
			sourceTree = "<group>";
		};
		9E5C43543A628FCCA274541C /* Source */ = {
			isa = PBXGroup;
			children = (
				6BE29620C763348048F19C22 /* HostPluginDemo */,
				BD1FAF434232F010B912D7FF /* JUCE Modules */,
				8A26743A96FBE946C80B1310 /* JUCE Library Code */,
				347D7A8E6101C2CC019F4AF4 /* Resources */,
				39C5B168F0FB2BA1235B637B /* Frameworks */,
				E00F47E583B22E4FAD2A2C40 /* Products */,
			);
			name = Source;
			sourceTree = "<group>";
		};
		BD1FAF434232F010B912D7FF /* JUCE Modules */ = {
			isa = PBXGroup;
			children = (
				1146C8443900D5C72E615A74 /* juce_audio_basics */,
				4D2AA995D0DD7631A8A0F1E0 /* juce_audio_devices */,
				36D1D20D69F0669F2ABD5F08 /* juce_audio_formats */,
				C4EDB3EB93DAE3771CFAE6D2 /* juce_audio_plugin_client */,
				9F0AED106AA646FBBBA26E28 /* juce_audio_processors */,
				E3F168564E9D5A03DEA252D5 /* juce_audio_utils */,
				510CCCF3C430E7443034BFEB /* juce_core */,
				13D3C77E6BC3DC2A7B8AFE7F /* juce_data_structures */,
				48FCF6FC27A94591E10CC4FC /* juce_events */,
				1020021E435E954F354A0769 /* juce_graphics */,
				B95F925EF3777DDB4AA61CA5 /* juce_gui_basics */,
				86BCFA2DD864143DDBC826C5 /* juce_gui_extra */,
			);
			name = "JUCE Modules";
			sourceTree = "<group>";
		};
		E00F47E583B22E4FAD2A2C40 /* Products */ = {
			isa = PBXGroup;
			children = (
				4E036897D40BDAD75D9DF3AD /* HostPluginDemo.app */,
				8FCF10919095E5E42D3C0C30 /* libHostPluginDemo.a */,
			);
			name = Products;
			sourceTree = "<group>";
		};
/* End PBXGroup section */

/* Begin PBXNativeTarget section */
		1A794D1CEAA9554E51E1247C /* HostPluginDemo - Shared Code */ = {
			isa = PBXNativeTarget;
			buildConfigurationList = C0E0EE8F6C15E2637348DDE4 /* Build configuration list for PBXNativeTarget "HostPluginDemo - Shared Code" */;
			buildPhases = (
				FA838023D4D164F3C0913A10 /* Sources */,
			);
			buildRules = (
			);
			dependencies = (
			);
			name = "HostPluginDemo - Shared Code";
			productName = HostPluginDemo;
			productReference = 8FCF10919095E5E42D3C0C30 /* libHostPluginDemo.a */;
			productType = "com.apple.product-type.library.static";
		};
		B89FE3EEB3E2E4771A2BEAB4 /* HostPluginDemo - Standalone Plugin */ = {
			isa = PBXNativeTarget;
			buildConfigurationList = 2B7EB437C836E3D8306B3470 /* Build configuration list for PBXNativeTarget "HostPluginDemo - Standalone Plugin" */;
			buildPhases = (
				AE0F2B210C703A11AE596C69 /* Resources */,
				20EE2818CA8F58A414B3551C /* Sources */,
				0BA69E250EFB33B03C2773CC /* Frameworks */,
			);
			buildRules = (
			);
			dependencies = (
				5CCF9C0F89CEFE0845E7AFDD /* PBXTargetDependency */,
			);
			name = "HostPluginDemo - Standalone Plugin";
			productName = HostPluginDemo;
			productReference = 4E036897D40BDAD75D9DF3AD /* HostPluginDemo.app */;
			productType = "com.apple.product-type.application";
		};
/* End PBXNativeTarget section */

/* Begin PBXProject section */
		426EC354623FA9CD7D144484 /* Project object */ = {
			isa = PBXProject;
			attributes = {
				LastUpgradeCheck = 1340;
				ORGANIZATIONNAME = JUCE;
				TargetAttributes = {
					1A794D1CEAA9554E51E1247C = {
						SystemCapabilities = {
							com.apple.ApplicationGroups.iOS = {
								enabled = 0;
							};
							com.apple.HardenedRuntime = {
								enabled = 0;
							};
							com.apple.InAppPurchase = {
								enabled = 0;
							};
							com.apple.InterAppAudio = {
								enabled = 1;
							};
							com.apple.Push = {
								enabled = 0;
							};
							com.apple.Sandbox = {
								enabled = 0;
							};
						};
					};
					284D3B83297596F57CDA82D5 = {
						SystemCapabilities = {
							com.apple.ApplicationGroups.iOS = {
								enabled = 0;
							};
							com.apple.HardenedRuntime = {
								enabled = 0;
							};
							com.apple.InAppPurchase = {
								enabled = 0;
							};
							com.apple.InterAppAudio = {
								enabled = 1;
							};
							com.apple.Push = {
								enabled = 0;
							};
							com.apple.Sandbox = {
								enabled = 0;
							};
						};
					};
					B89FE3EEB3E2E4771A2BEAB4 = {
						DevelopmentTeam = 23GT298KWX;
						SystemCapabilities = {
							com.apple.ApplicationGroups.iOS = {
								enabled = 0;
							};
							com.apple.HardenedRuntime = {
								enabled = 0;
							};
							com.apple.InAppPurchase = {
								enabled = 0;
							};
							com.apple.InterAppAudio = {
								enabled = 1;
							};
							com.apple.Push = {
								enabled = 0;
							};
							com.apple.Sandbox = {
								enabled = 0;
							};
						};
					};
				};
			};
			buildConfigurationList = 17A54AFE93AE09F1D6220732 /* Build configuration list for PBXProject "HostPluginDemo" */;
			compatibilityVersion = "Xcode 3.2";
			developmentRegion = en;
			hasScannedForEncodings = 0;
			knownRegions = (
				en,
				Base,
			);
			mainGroup = 9E5C43543A628FCCA274541C /* Source */;
			projectDirPath = "";
			projectRoot = "";
			targets = (
				284D3B83297596F57CDA82D5 /* HostPluginDemo - All */,
				B89FE3EEB3E2E4771A2BEAB4 /* HostPluginDemo - Standalone Plugin */,
				1A794D1CEAA9554E51E1247C /* HostPluginDemo - Shared Code */,
			);
		};
/* End PBXProject section */

/* Begin PBXResourcesBuildPhase section */
		AE0F2B210C703A11AE596C69 /* Resources */ = {
			isa = PBXResourcesBuildPhase;
			buildActionMask = 2147483647;
			files = (
				5AE7B81129089B4BBDE2E447 /* Images.xcassets in Resources */,
				52B090C7EEE665D28B246D30 /* LaunchScreen.storyboard in Resources */,
			);
			runOnlyForDeploymentPostprocessing = 0;
		};
/* End PBXResourcesBuildPhase section */

/* Begin PBXSourcesBuildPhase section */
		20EE2818CA8F58A414B3551C /* Sources */ = {
			isa = PBXSourcesBuildPhase;
			buildActionMask = 2147483647;
			files = (
				69B1497641B3CC351C0F1F82 /* include_juce_audio_plugin_client_Standalone.cpp in Sources */,
			);
			runOnlyForDeploymentPostprocessing = 0;
		};
		FA838023D4D164F3C0913A10 /* Sources */ = {
			isa = PBXSourcesBuildPhase;
			buildActionMask = 2147483647;
			files = (
				0DE6D99DB7FF3B8E4EC10B83 /* Main.cpp in Sources */,
				4D2744D52F0A3B9B8DF330F8 /* include_juce_audio_basics.mm in Sources */,
				075E2A972D5D40C600D1253D /* PluginScanner.mm in Sources */,
				3DA7991BD59C293EEC73A9F1 /* include_juce_audio_devices.mm in Sources */,
				84641A94922870F4CCCC8467 /* include_juce_audio_formats.mm in Sources */,
				0F289C93B9EFD2B16BD6EE53 /* include_juce_audio_plugin_client_ARA.cpp in Sources */,
				5A8CEA77D85BA1694BD43A47 /* include_juce_audio_processors.mm in Sources */,
				9484EFF305D2809A74AAB696 /* include_juce_audio_processors_ara.cpp in Sources */,
				8642934DC8FB770B514CEBE6 /* include_juce_audio_processors_lv2_libs.cpp in Sources */,
				A9C8A372BF0BDA1EF235FFBB /* include_juce_audio_utils.mm in Sources */,
				D069A7D2744CC1FBB1025CC6 /* include_juce_core.mm in Sources */,
				332910A3D1E6F9A7626859AF /* include_juce_core_CompilationTime.cpp in Sources */,
				EB0A119B1BAB4B107CC9DC40 /* include_juce_data_structures.mm in Sources */,
				7EE5986F72D7422E1416F623 /* include_juce_events.mm in Sources */,
				5E6AA39264556E48358F3310 /* include_juce_graphics.mm in Sources */,
				E6CA8A5F3EA1B5AFCAC454A7 /* include_juce_graphics_Harfbuzz.cpp in Sources */,
				8130962A74993EE3C0D9B0E9 /* include_juce_graphics_Sheenbidi.c in Sources */,
				7FBDE2A4C67C4A5E747289CB /* include_juce_gui_basics.mm in Sources */,
				3BEEC79776121637F7B999E0 /* include_juce_gui_extra.mm in Sources */,
			);
			runOnlyForDeploymentPostprocessing = 0;
		};
/* End PBXSourcesBuildPhase section */

/* Begin PBXTargetDependency section */
		5CCF9C0F89CEFE0845E7AFDD /* PBXTargetDependency */ = {
			isa = PBXTargetDependency;
			target = 1A794D1CEAA9554E51E1247C /* HostPluginDemo - Shared Code */;
			targetProxy = 075E2A852D5D1F0300D1253D /* PBXContainerItemProxy */;
		};
		68D6609D301E0B70766B258F /* PBXTargetDependency */ = {
			isa = PBXTargetDependency;
			target = 1A794D1CEAA9554E51E1247C /* HostPluginDemo - Shared Code */;
			targetProxy = 075E2A8C2D5D1F0400D1253D /* PBXContainerItemProxy */;
		};
		AE7A56C43BF0E9E6AF01EFFD /* PBXTargetDependency */ = {
			isa = PBXTargetDependency;
			target = B89FE3EEB3E2E4771A2BEAB4 /* HostPluginDemo - Standalone Plugin */;
			targetProxy = 075E2A8B2D5D1F0400D1253D /* PBXContainerItemProxy */;
		};
/* End PBXTargetDependency section */

/* Begin XCBuildConfiguration section */
		143C46A0696BFEFB1D9C5A8B /* Debug */ = {
			isa = XCBuildConfiguration;
			buildSettings = {
				ALWAYS_SEARCH_USER_PATHS = NO;
				CLANG_ENABLE_OBJC_WEAK = YES;
				CLANG_WARN_BLOCK_CAPTURE_AUTORELEASING = YES;
				CLANG_WARN_BOOL_CONVERSION = YES;
				CLANG_WARN_COMMA = YES;
				CLANG_WARN_CONSTANT_CONVERSION = YES;
				CLANG_WARN_DEPRECATED_OBJC_IMPLEMENTATIONS = YES;
				CLANG_WARN_EMPTY_BODY = YES;
				CLANG_WARN_ENUM_CONVERSION = YES;
				CLANG_WARN_INFINITE_RECURSION = YES;
				CLANG_WARN_INT_CONVERSION = YES;
				CLANG_WARN_NON_LITERAL_NULL_CONVERSION = YES;
				CLANG_WARN_OBJC_IMPLICIT_RETAIN_SELF = YES;
				CLANG_WARN_OBJC_LITERAL_CONVERSION = YES;
				CLANG_WARN_RANGE_LOOP_ANALYSIS = YES;
				CLANG_WARN_STRICT_PROTOTYPES = YES;
				CLANG_WARN_SUSPICIOUS_MOVE = YES;
				CLANG_WARN_UNREACHABLE_CODE = YES;
				CLANG_WARN__DUPLICATE_METHOD_MATCH = YES;
				DEBUG_INFORMATION_FORMAT = dwarf;
				ENABLE_STRICT_OBJC_MSGSEND = YES;
				ENABLE_TESTABILITY = NO;
				GCC_C_LANGUAGE_STANDARD = c11;
				GCC_INLINES_ARE_PRIVATE_EXTERN = YES;
				GCC_MODEL_TUNING = G5;
				GCC_NO_COMMON_BLOCKS = YES;
				GCC_SYMBOLS_PRIVATE_EXTERN = YES;
				GCC_WARN_64_TO_32_BIT_CONVERSION = YES;
				GCC_WARN_ABOUT_RETURN_TYPE = YES;
				GCC_WARN_CHECK_SWITCH_STATEMENTS = YES;
				GCC_WARN_MISSING_PARENTHESES = YES;
				GCC_WARN_NON_VIRTUAL_DESTRUCTOR = YES;
				GCC_WARN_TYPECHECK_CALLS_TO_PRINTF = YES;
				GCC_WARN_UNDECLARED_SELECTOR = YES;
				GCC_WARN_UNINITIALIZED_AUTOS = YES;
				GCC_WARN_UNUSED_FUNCTION = YES;
				GCC_WARN_UNUSED_VARIABLE = YES;
				IPHONEOS_DEPLOYMENT_TARGET = 12.0;
				ONLY_ACTIVE_ARCH = YES;
				PRODUCT_NAME = HostPluginDemo;
				SDKROOT = iphoneos;
				TARGETED_DEVICE_FAMILY = "1,2";
				WARNING_CFLAGS = "-Wreorder";
				ZERO_LINK = NO;
			};
			name = Debug;
		};
		2E2AE7144B3DB6F24268312C /* Debug */ = {
			isa = XCBuildConfiguration;
			buildSettings = {
				ASSETCATALOG_COMPILER_APPICON_NAME = AppIcon;
				CLANG_CXX_LANGUAGE_STANDARD = "c++17";
				CLANG_CXX_LIBRARY = "libc++";
				CLANG_LINK_OBJC_RUNTIME = NO;
				CODE_SIGN_ENTITLEMENTS = Shared_Code.entitlements;
				COMBINE_HIDPI_IMAGES = YES;
				CONFIGURATION_BUILD_DIR = "$(PROJECT_DIR)/build/$(CONFIGURATION)";
				COPY_PHASE_STRIP = NO;
				GCC_DYNAMIC_NO_PIC = NO;
				GCC_OPTIMIZATION_LEVEL = 0;
				GCC_PREPROCESSOR_DEFINITIONS = (
					"_DEBUG=1",
					"DEBUG=1",
					"JUCE_CONTENT_SHARING=1",
					"JUCE_PROJUCER_VERSION=0x80006",
					"JUCE_MODULE_AVAILABLE_juce_audio_basics=1",
					"JUCE_MODULE_AVAILABLE_juce_audio_devices=1",
					"JUCE_MODULE_AVAILABLE_juce_audio_formats=1",
					"JUCE_MODULE_AVAILABLE_juce_audio_plugin_client=1",
					"JUCE_MODULE_AVAILABLE_juce_audio_processors=1",
					"JUCE_MODULE_AVAILABLE_juce_audio_utils=1",
					"JUCE_MODULE_AVAILABLE_juce_core=1",
					"JUCE_MODULE_AVAILABLE_juce_data_structures=1",
					"JUCE_MODULE_AVAILABLE_juce_events=1",
					"JUCE_MODULE_AVAILABLE_juce_graphics=1",
					"JUCE_MODULE_AVAILABLE_juce_gui_basics=1",
					"JUCE_MODULE_AVAILABLE_juce_gui_extra=1",
					"JUCE_GLOBAL_MODULE_SETTINGS_INCLUDED=1",
					"JUCE_VST3_CAN_REPLACE_VST2=0",
					"JUCE_PLUGINHOST_VST=0",
					"JUCE_PLUGINHOST_VST3=0",
					"JUCE_PLUGINHOST_AU=1",
					"JUCE_STRICT_REFCOUNTEDPOINTER=0",
					"JucePlugin_Build_VST=0",
					"JucePlugin_Build_VST3=0",
					"JucePlugin_Build_AU=0",
					"JucePlugin_Build_AUv3=0",
					"JucePlugin_Build_AAX=0",
					"JucePlugin_Build_Standalone=1",
					"JucePlugin_Build_Unity=0",
					"JucePlugin_Build_LV2=0",
					"JucePlugin_Enable_IAA=0",
					"JucePlugin_Enable_ARA=0",
					"JucePlugin_Name=\\\"HostPluginDemo\\\"",
					"JucePlugin_Desc=\\\"HostPluginDemo\\\"",
					"JucePlugin_Manufacturer=\\\"JUCE\\\"",
					"JucePlugin_ManufacturerWebsite=\\\"http://juce.com\\\"",
					"JucePlugin_ManufacturerEmail=\\\"\\\"",
					"JucePlugin_ManufacturerCode=0x4d616e75",
					"JucePlugin_PluginCode=0x4364706f",
					"JucePlugin_IsSynth=1",
					"JucePlugin_WantsMidiInput=1",
					"JucePlugin_ProducesMidiOutput=1",
					"JucePlugin_IsMidiEffect=0",
					"JucePlugin_EditorRequiresKeyboardFocus=1",
					"JucePlugin_Version=1.0.0",
					"JucePlugin_VersionCode=0x10000",
					"JucePlugin_VersionString=\\\"1.0.0\\\"",
					"JucePlugin_VSTUniqueID=JucePlugin_PluginCode",
					"JucePlugin_VSTCategory=kPlugCategSynth",
					"JucePlugin_Vst3Category=\\\"Instrument|Synth\\\"",
					"JucePlugin_AUMainType=\\'aumu\\'",
					"JucePlugin_AUSubType=JucePlugin_PluginCode",
					"JucePlugin_AUExportPrefix=HostPluginDemoAU",
					"JucePlugin_AUExportPrefixQuoted=\\\"HostPluginDemoAU\\\"",
					"JucePlugin_AUManufacturerCode=JucePlugin_ManufacturerCode",
					"JucePlugin_CFBundleIdentifier=com.JUCE.HostPluginDemo",
					"JucePlugin_AAXIdentifier=com.JUCE.HostPluginDemo",
					"JucePlugin_AAXManufacturerCode=JucePlugin_ManufacturerCode",
					"JucePlugin_AAXProductId=JucePlugin_PluginCode",
					"JucePlugin_AAXCategory=2048",
					"JucePlugin_AAXDisableBypass=0",
					"JucePlugin_AAXDisableMultiMono=0",
					"JucePlugin_IAAType=0x61757269",
					"JucePlugin_IAASubType=JucePlugin_PluginCode",
					"JucePlugin_IAAName=\\\"JUCE:\\ HostPluginDemo\\\"",
					"JucePlugin_VSTNumMidiInputs=16",
					"JucePlugin_VSTNumMidiOutputs=16",
					"JucePlugin_ARAContentTypes=0",
					"JucePlugin_ARATransformationFlags=0",
					"JucePlugin_ARAFactoryID=\\\"com.JUCE.HostPluginDemo.factory\\\"",
					"JucePlugin_ARADocumentArchiveID=\\\"com.JUCE.HostPluginDemo.aradocumentarchive.1.0.0\\\"",
					"JucePlugin_ARACompatibleArchiveIDs=\\\"\\\"",
					"JUCE_STANDALONE_APPLICATION=JucePlugin_Build_Standalone",
					"PIP_JUCE_EXAMPLES_DIRECTORY=L1VzZXJzL2FtYW4vRG93bmxvYWRzL0pVQ0UvZXhhbXBsZXM=",
					"JUCER_XCODE_IPHONE_5BC26AE3=1",
					"JUCE_APP_VERSION=1.0.0",
					"JUCE_APP_VERSION_HEX=0x10000",
					"JUCE_SHARED_CODE=1",
				);
				GCC_VERSION = com.apple.compilers.llvm.clang.1_0;
				HEADER_SEARCH_PATHS = (
					"$(SRCROOT)/../../JuceLibraryCode",
					/Users/aman/Downloads/JUCE/modules,
					/Users/aman/Downloads/JUCE/modules/juce_audio_plugin_client/AU,
					"$(inherited)",
				);
				INSTALL_PATH = "@executable_path/Frameworks";
				MTL_HEADER_SEARCH_PATHS = "$(SRCROOT)/../../JuceLibraryCode /Users/aman/Downloads/JUCE/modules /Users/aman/Downloads/JUCE/modules/juce_audio_plugin_client/AU";
				PRODUCT_BUNDLE_IDENTIFIER = com.JUCE.HostPluginDemo;
				PRODUCT_NAME = HostPluginDemo;
				SKIP_INSTALL = YES;
				USE_HEADERMAP = NO;
			};
			name = Debug;
		};
		33E2BC0129BBF59AD46E399C /* Release */ = {
			isa = XCBuildConfiguration;
			buildSettings = {
				ASSETCATALOG_COMPILER_APPICON_NAME = AppIcon;
				CLANG_CXX_LANGUAGE_STANDARD = "c++17";
				CLANG_CXX_LIBRARY = "libc++";
				CLANG_LINK_OBJC_RUNTIME = NO;
				CODE_SIGN_ENTITLEMENTS = Standalone_Plugin.entitlements;
				COMBINE_HIDPI_IMAGES = YES;
				CONFIGURATION_BUILD_DIR = "$(PROJECT_DIR)/build/$(CONFIGURATION)";
				DEAD_CODE_STRIPPING = YES;
				DEVELOPMENT_TEAM = 23GT298KWX;
				GCC_GENERATE_DEBUGGING_SYMBOLS = NO;
				GCC_OPTIMIZATION_LEVEL = 3;
				GCC_PREPROCESSOR_DEFINITIONS = (
					"_NDEBUG=1",
					"NDEBUG=1",
					"JUCE_CONTENT_SHARING=1",
					"JUCE_PROJUCER_VERSION=0x80006",
					"JUCE_MODULE_AVAILABLE_juce_audio_basics=1",
					"JUCE_MODULE_AVAILABLE_juce_audio_devices=1",
					"JUCE_MODULE_AVAILABLE_juce_audio_formats=1",
					"JUCE_MODULE_AVAILABLE_juce_audio_plugin_client=1",
					"JUCE_MODULE_AVAILABLE_juce_audio_processors=1",
					"JUCE_MODULE_AVAILABLE_juce_audio_utils=1",
					"JUCE_MODULE_AVAILABLE_juce_core=1",
					"JUCE_MODULE_AVAILABLE_juce_data_structures=1",
					"JUCE_MODULE_AVAILABLE_juce_events=1",
					"JUCE_MODULE_AVAILABLE_juce_graphics=1",
					"JUCE_MODULE_AVAILABLE_juce_gui_basics=1",
					"JUCE_MODULE_AVAILABLE_juce_gui_extra=1",
					"JUCE_GLOBAL_MODULE_SETTINGS_INCLUDED=1",
					"JUCE_VST3_CAN_REPLACE_VST2=0",
					"JUCE_PLUGINHOST_VST=0",
					"JUCE_PLUGINHOST_VST3=0",
					"JUCE_PLUGINHOST_AU=1",
					"JUCE_STRICT_REFCOUNTEDPOINTER=0",
					"JucePlugin_Build_VST=0",
					"JucePlugin_Build_VST3=0",
					"JucePlugin_Build_AU=0",
					"JucePlugin_Build_AUv3=0",
					"JucePlugin_Build_AAX=0",
					"JucePlugin_Build_Standalone=1",
					"JucePlugin_Build_Unity=0",
					"JucePlugin_Build_LV2=0",
					"JucePlugin_Enable_IAA=0",
					"JucePlugin_Enable_ARA=0",
					"JucePlugin_Name=\\\"HostPluginDemo\\\"",
					"JucePlugin_Desc=\\\"HostPluginDemo\\\"",
					"JucePlugin_Manufacturer=\\\"JUCE\\\"",
					"JucePlugin_ManufacturerWebsite=\\\"http://juce.com\\\"",
					"JucePlugin_ManufacturerEmail=\\\"\\\"",
					"JucePlugin_ManufacturerCode=0x4d616e75",
					"JucePlugin_PluginCode=0x4364706f",
					"JucePlugin_IsSynth=1",
					"JucePlugin_WantsMidiInput=1",
					"JucePlugin_ProducesMidiOutput=1",
					"JucePlugin_IsMidiEffect=0",
					"JucePlugin_EditorRequiresKeyboardFocus=1",
					"JucePlugin_Version=1.0.0",
					"JucePlugin_VersionCode=0x10000",
					"JucePlugin_VersionString=\\\"1.0.0\\\"",
					"JucePlugin_VSTUniqueID=JucePlugin_PluginCode",
					"JucePlugin_VSTCategory=kPlugCategSynth",
					"JucePlugin_Vst3Category=\\\"Instrument|Synth\\\"",
					"JucePlugin_AUMainType=\\'aumu\\'",
					"JucePlugin_AUSubType=JucePlugin_PluginCode",
					"JucePlugin_AUExportPrefix=HostPluginDemoAU",
					"JucePlugin_AUExportPrefixQuoted=\\\"HostPluginDemoAU\\\"",
					"JucePlugin_AUManufacturerCode=JucePlugin_ManufacturerCode",
					"JucePlugin_CFBundleIdentifier=com.JUCE.HostPluginDemo",
					"JucePlugin_AAXIdentifier=com.JUCE.HostPluginDemo",
					"JucePlugin_AAXManufacturerCode=JucePlugin_ManufacturerCode",
					"JucePlugin_AAXProductId=JucePlugin_PluginCode",
					"JucePlugin_AAXCategory=2048",
					"JucePlugin_AAXDisableBypass=0",
					"JucePlugin_AAXDisableMultiMono=0",
					"JucePlugin_IAAType=0x61757269",
					"JucePlugin_IAASubType=JucePlugin_PluginCode",
					"JucePlugin_IAAName=\\\"JUCE:\\ HostPluginDemo\\\"",
					"JucePlugin_VSTNumMidiInputs=16",
					"JucePlugin_VSTNumMidiOutputs=16",
					"JucePlugin_ARAContentTypes=0",
					"JucePlugin_ARATransformationFlags=0",
					"JucePlugin_ARAFactoryID=\\\"com.JUCE.HostPluginDemo.factory\\\"",
					"JucePlugin_ARADocumentArchiveID=\\\"com.JUCE.HostPluginDemo.aradocumentarchive.1.0.0\\\"",
					"JucePlugin_ARACompatibleArchiveIDs=\\\"\\\"",
					"JUCE_STANDALONE_APPLICATION=JucePlugin_Build_Standalone",
					"PIP_JUCE_EXAMPLES_DIRECTORY=L1VzZXJzL2FtYW4vRG93bmxvYWRzL0pVQ0UvZXhhbXBsZXM=",
					"JUCER_XCODE_IPHONE_5BC26AE3=1",
					"JUCE_APP_VERSION=1.0.0",
					"JUCE_APP_VERSION_HEX=0x10000",
				);
				GCC_VERSION = com.apple.compilers.llvm.clang.1_0;
				HEADER_SEARCH_PATHS = (
					"$(SRCROOT)/../../JuceLibraryCode",
					/Users/aman/Downloads/JUCE/modules,
					/Users/aman/Downloads/JUCE/modules/juce_audio_plugin_client/AU,
					"$(inherited)",
				);
				INFOPLIST_FILE = "Info-Standalone_Plugin.plist";
				INFOPLIST_PREPROCESS = NO;
				LLVM_LTO = YES;
				MTL_HEADER_SEARCH_PATHS = "$(SRCROOT)/../../JuceLibraryCode /Users/aman/Downloads/JUCE/modules /Users/aman/Downloads/JUCE/modules/juce_audio_plugin_client/AU";
				OTHER_LDFLAGS = "-lHostPluginDemo";
				PRODUCT_BUNDLE_IDENTIFIER = com.amangupta.GuiApp;
				PRODUCT_NAME = HostPluginDemo;
				USE_HEADERMAP = NO;
			};
			name = Release;
		};
		37020DE003F0BE8FFA0F5411 /* Debug */ = {
			isa = XCBuildConfiguration;
			buildSettings = {
				ASSETCATALOG_COMPILER_APPICON_NAME = AppIcon;
				CLANG_CXX_LANGUAGE_STANDARD = "c++17";
				CLANG_CXX_LIBRARY = "libc++";
				CLANG_LINK_OBJC_RUNTIME = NO;
				CODE_SIGN_ENTITLEMENTS = Standalone_Plugin.entitlements;
				COMBINE_HIDPI_IMAGES = YES;
				CONFIGURATION_BUILD_DIR = "$(PROJECT_DIR)/build/$(CONFIGURATION)";
				COPY_PHASE_STRIP = NO;
				DEVELOPMENT_TEAM = 23GT298KWX;
				GCC_DYNAMIC_NO_PIC = NO;
				GCC_OPTIMIZATION_LEVEL = 0;
				GCC_PREPROCESSOR_DEFINITIONS = (
					"_DEBUG=1",
					"DEBUG=1",
					"JUCE_CONTENT_SHARING=1",
					"JUCE_PROJUCER_VERSION=0x80006",
					"JUCE_MODULE_AVAILABLE_juce_audio_basics=1",
					"JUCE_MODULE_AVAILABLE_juce_audio_devices=1",
					"JUCE_MODULE_AVAILABLE_juce_audio_formats=1",
					"JUCE_MODULE_AVAILABLE_juce_audio_plugin_client=1",
					"JUCE_MODULE_AVAILABLE_juce_audio_processors=1",
					"JUCE_MODULE_AVAILABLE_juce_audio_utils=1",
					"JUCE_MODULE_AVAILABLE_juce_core=1",
					"JUCE_MODULE_AVAILABLE_juce_data_structures=1",
					"JUCE_MODULE_AVAILABLE_juce_events=1",
					"JUCE_MODULE_AVAILABLE_juce_graphics=1",
					"JUCE_MODULE_AVAILABLE_juce_gui_basics=1",
					"JUCE_MODULE_AVAILABLE_juce_gui_extra=1",
					"JUCE_GLOBAL_MODULE_SETTINGS_INCLUDED=1",
					"JUCE_VST3_CAN_REPLACE_VST2=0",
					"JUCE_PLUGINHOST_VST=0",
					"JUCE_PLUGINHOST_VST3=0",
					"JUCE_PLUGINHOST_AU=1",
					"JUCE_STRICT_REFCOUNTEDPOINTER=0",
					"JucePlugin_Build_VST=0",
					"JucePlugin_Build_VST3=0",
					"JucePlugin_Build_AU=0",
					"JucePlugin_Build_AUv3=0",
					"JucePlugin_Build_AAX=0",
					"JucePlugin_Build_Standalone=1",
					"JucePlugin_Build_Unity=0",
					"JucePlugin_Build_LV2=0",
					"JucePlugin_Enable_IAA=0",
					"JucePlugin_Enable_ARA=0",
					"JucePlugin_Name=\\\"HostPluginDemo\\\"",
					"JucePlugin_Desc=\\\"HostPluginDemo\\\"",
					"JucePlugin_Manufacturer=\\\"JUCE\\\"",
					"JucePlugin_ManufacturerWebsite=\\\"http://juce.com\\\"",
					"JucePlugin_ManufacturerEmail=\\\"\\\"",
					"JucePlugin_ManufacturerCode=0x4d616e75",
					"JucePlugin_PluginCode=0x4364706f",
					"JucePlugin_IsSynth=1",
					"JucePlugin_WantsMidiInput=1",
					"JucePlugin_ProducesMidiOutput=1",
					"JucePlugin_IsMidiEffect=0",
					"JucePlugin_EditorRequiresKeyboardFocus=1",
					"JucePlugin_Version=1.0.0",
					"JucePlugin_VersionCode=0x10000",
					"JucePlugin_VersionString=\\\"1.0.0\\\"",
					"JucePlugin_VSTUniqueID=JucePlugin_PluginCode",
					"JucePlugin_VSTCategory=kPlugCategSynth",
					"JucePlugin_Vst3Category=\\\"Instrument|Synth\\\"",
					"JucePlugin_AUMainType=\\'aumu\\'",
					"JucePlugin_AUSubType=JucePlugin_PluginCode",
					"JucePlugin_AUExportPrefix=HostPluginDemoAU",
					"JucePlugin_AUExportPrefixQuoted=\\\"HostPluginDemoAU\\\"",
					"JucePlugin_AUManufacturerCode=JucePlugin_ManufacturerCode",
					"JucePlugin_CFBundleIdentifier=com.JUCE.HostPluginDemo",
					"JucePlugin_AAXIdentifier=com.JUCE.HostPluginDemo",
					"JucePlugin_AAXManufacturerCode=JucePlugin_ManufacturerCode",
					"JucePlugin_AAXProductId=JucePlugin_PluginCode",
					"JucePlugin_AAXCategory=2048",
					"JucePlugin_AAXDisableBypass=0",
					"JucePlugin_AAXDisableMultiMono=0",
					"JucePlugin_IAAType=0x61757269",
					"JucePlugin_IAASubType=JucePlugin_PluginCode",
					"JucePlugin_IAAName=\\\"JUCE:\\ HostPluginDemo\\\"",
					"JucePlugin_VSTNumMidiInputs=16",
					"JucePlugin_VSTNumMidiOutputs=16",
					"JucePlugin_ARAContentTypes=0",
					"JucePlugin_ARATransformationFlags=0",
					"JucePlugin_ARAFactoryID=\\\"com.JUCE.HostPluginDemo.factory\\\"",
					"JucePlugin_ARADocumentArchiveID=\\\"com.JUCE.HostPluginDemo.aradocumentarchive.1.0.0\\\"",
					"JucePlugin_ARACompatibleArchiveIDs=\\\"\\\"",
					"JUCE_STANDALONE_APPLICATION=JucePlugin_Build_Standalone",
					"PIP_JUCE_EXAMPLES_DIRECTORY=L1VzZXJzL2FtYW4vRG93bmxvYWRzL0pVQ0UvZXhhbXBsZXM=",
					"JUCER_XCODE_IPHONE_5BC26AE3=1",
					"JUCE_APP_VERSION=1.0.0",
					"JUCE_APP_VERSION_HEX=0x10000",
				);
				GCC_VERSION = com.apple.compilers.llvm.clang.1_0;
				HEADER_SEARCH_PATHS = (
					"$(SRCROOT)/../../JuceLibraryCode",
					/Users/aman/Downloads/JUCE/modules,
					/Users/aman/Downloads/JUCE/modules/juce_audio_plugin_client/AU,
					"$(inherited)",
				);
				INFOPLIST_FILE = "Info-Standalone_Plugin.plist";
				INFOPLIST_PREPROCESS = NO;
				MTL_HEADER_SEARCH_PATHS = "$(SRCROOT)/../../JuceLibraryCode /Users/aman/Downloads/JUCE/modules /Users/aman/Downloads/JUCE/modules/juce_audio_plugin_client/AU";
				OTHER_LDFLAGS = "-lHostPluginDemo";
				PRODUCT_BUNDLE_IDENTIFIER = com.amangupta.GuiApp;
				PRODUCT_NAME = HostPluginDemo;
				USE_HEADERMAP = NO;
			};
			name = Debug;
		};
		3C85E1F89C3728F1DB8951DD /* Debug */ = {
			isa = XCBuildConfiguration;
			buildSettings = {
				ASSETCATALOG_COMPILER_APPICON_NAME = AppIcon;
				CLANG_CXX_LANGUAGE_STANDARD = "c++17";
				CLANG_CXX_LIBRARY = "libc++";
				CLANG_LINK_OBJC_RUNTIME = NO;
				CODE_SIGN_ENTITLEMENTS = All.entitlements;
				COMBINE_HIDPI_IMAGES = YES;
				CONFIGURATION_BUILD_DIR = "$(PROJECT_DIR)/build/$(CONFIGURATION)";
				COPY_PHASE_STRIP = NO;
				GCC_DYNAMIC_NO_PIC = NO;
				GCC_OPTIMIZATION_LEVEL = 0;
				GCC_PREPROCESSOR_DEFINITIONS = (
					"_DEBUG=1",
					"DEBUG=1",
					"JUCE_CONTENT_SHARING=1",
					"JUCE_PROJUCER_VERSION=0x80006",
					"JUCE_MODULE_AVAILABLE_juce_audio_basics=1",
					"JUCE_MODULE_AVAILABLE_juce_audio_devices=1",
					"JUCE_MODULE_AVAILABLE_juce_audio_formats=1",
					"JUCE_MODULE_AVAILABLE_juce_audio_plugin_client=1",
					"JUCE_MODULE_AVAILABLE_juce_audio_processors=1",
					"JUCE_MODULE_AVAILABLE_juce_audio_utils=1",
					"JUCE_MODULE_AVAILABLE_juce_core=1",
					"JUCE_MODULE_AVAILABLE_juce_data_structures=1",
					"JUCE_MODULE_AVAILABLE_juce_events=1",
					"JUCE_MODULE_AVAILABLE_juce_graphics=1",
					"JUCE_MODULE_AVAILABLE_juce_gui_basics=1",
					"JUCE_MODULE_AVAILABLE_juce_gui_extra=1",
					"JUCE_GLOBAL_MODULE_SETTINGS_INCLUDED=1",
					"JUCE_VST3_CAN_REPLACE_VST2=0",
					"JUCE_PLUGINHOST_VST=0",
					"JUCE_PLUGINHOST_VST3=0",
					"JUCE_PLUGINHOST_AU=1",
					"JUCE_STRICT_REFCOUNTEDPOINTER=0",
					"JucePlugin_Build_VST=0",
					"JucePlugin_Build_VST3=0",
					"JucePlugin_Build_AU=0",
					"JucePlugin_Build_AUv3=0",
					"JucePlugin_Build_AAX=0",
					"JucePlugin_Build_Standalone=0",
					"JucePlugin_Build_Unity=0",
					"JucePlugin_Build_LV2=0",
					"JucePlugin_Enable_IAA=0",
					"JucePlugin_Enable_ARA=0",
					"JucePlugin_Name=\\\"HostPluginDemo\\\"",
					"JucePlugin_Desc=\\\"HostPluginDemo\\\"",
					"JucePlugin_Manufacturer=\\\"JUCE\\\"",
					"JucePlugin_ManufacturerWebsite=\\\"http://juce.com\\\"",
					"JucePlugin_ManufacturerEmail=\\\"\\\"",
					"JucePlugin_ManufacturerCode=0x4d616e75",
					"JucePlugin_PluginCode=0x4364706f",
					"JucePlugin_IsSynth=1",
					"JucePlugin_WantsMidiInput=1",
					"JucePlugin_ProducesMidiOutput=1",
					"JucePlugin_IsMidiEffect=0",
					"JucePlugin_EditorRequiresKeyboardFocus=1",
					"JucePlugin_Version=1.0.0",
					"JucePlugin_VersionCode=0x10000",
					"JucePlugin_VersionString=\\\"1.0.0\\\"",
					"JucePlugin_VSTUniqueID=JucePlugin_PluginCode",
					"JucePlugin_VSTCategory=kPlugCategSynth",
					"JucePlugin_Vst3Category=\\\"Instrument|Synth\\\"",
					"JucePlugin_AUMainType=\\'aumu\\'",
					"JucePlugin_AUSubType=JucePlugin_PluginCode",
					"JucePlugin_AUExportPrefix=HostPluginDemoAU",
					"JucePlugin_AUExportPrefixQuoted=\\\"HostPluginDemoAU\\\"",
					"JucePlugin_AUManufacturerCode=JucePlugin_ManufacturerCode",
					"JucePlugin_CFBundleIdentifier=com.JUCE.HostPluginDemo",
					"JucePlugin_AAXIdentifier=com.JUCE.HostPluginDemo",
					"JucePlugin_AAXManufacturerCode=JucePlugin_ManufacturerCode",
					"JucePlugin_AAXProductId=JucePlugin_PluginCode",
					"JucePlugin_AAXCategory=2048",
					"JucePlugin_AAXDisableBypass=0",
					"JucePlugin_AAXDisableMultiMono=0",
					"JucePlugin_IAAType=0x61757269",
					"JucePlugin_IAASubType=JucePlugin_PluginCode",
					"JucePlugin_IAAName=\\\"JUCE:\\ HostPluginDemo\\\"",
					"JucePlugin_VSTNumMidiInputs=16",
					"JucePlugin_VSTNumMidiOutputs=16",
					"JucePlugin_ARAContentTypes=0",
					"JucePlugin_ARATransformationFlags=0",
					"JucePlugin_ARAFactoryID=\\\"com.JUCE.HostPluginDemo.factory\\\"",
					"JucePlugin_ARADocumentArchiveID=\\\"com.JUCE.HostPluginDemo.aradocumentarchive.1.0.0\\\"",
					"JucePlugin_ARACompatibleArchiveIDs=\\\"\\\"",
					"JUCE_STANDALONE_APPLICATION=JucePlugin_Build_Standalone",
					"PIP_JUCE_EXAMPLES_DIRECTORY=L1VzZXJzL2FtYW4vRG93bmxvYWRzL0pVQ0UvZXhhbXBsZXM=",
					"JUCER_XCODE_IPHONE_5BC26AE3=1",
					"JUCE_APP_VERSION=1.0.0",
					"JUCE_APP_VERSION_HEX=0x10000",
				);
				GCC_VERSION = com.apple.compilers.llvm.clang.1_0;
				HEADER_SEARCH_PATHS = (
					"$(SRCROOT)/../../JuceLibraryCode",
					/Users/aman/Downloads/JUCE/modules,
					/Users/aman/Downloads/JUCE/modules/juce_audio_plugin_client/AU,
					"$(inherited)",
				);
				MTL_HEADER_SEARCH_PATHS = "$(SRCROOT)/../../JuceLibraryCode /Users/aman/Downloads/JUCE/modules /Users/aman/Downloads/JUCE/modules/juce_audio_plugin_client/AU";
				OTHER_LDFLAGS = "-lHostPluginDemo";
				PRODUCT_BUNDLE_IDENTIFIER = com.JUCE.HostPluginDemo;
				PRODUCT_NAME = HostPluginDemo;
				USE_HEADERMAP = NO;
			};
			name = Debug;
		};
		9720A8A1CF3F69F674BDA54F /* Release */ = {
			isa = XCBuildConfiguration;
			buildSettings = {
				ALWAYS_SEARCH_USER_PATHS = NO;
				CLANG_ENABLE_OBJC_WEAK = YES;
				CLANG_WARN_BLOCK_CAPTURE_AUTORELEASING = YES;
				CLANG_WARN_BOOL_CONVERSION = YES;
				CLANG_WARN_COMMA = YES;
				CLANG_WARN_CONSTANT_CONVERSION = YES;
				CLANG_WARN_DEPRECATED_OBJC_IMPLEMENTATIONS = YES;
				CLANG_WARN_EMPTY_BODY = YES;
				CLANG_WARN_ENUM_CONVERSION = YES;
				CLANG_WARN_INFINITE_RECURSION = YES;
				CLANG_WARN_INT_CONVERSION = YES;
				CLANG_WARN_NON_LITERAL_NULL_CONVERSION = YES;
				CLANG_WARN_OBJC_IMPLICIT_RETAIN_SELF = YES;
				CLANG_WARN_OBJC_LITERAL_CONVERSION = YES;
				CLANG_WARN_RANGE_LOOP_ANALYSIS = YES;
				CLANG_WARN_STRICT_PROTOTYPES = YES;
				CLANG_WARN_SUSPICIOUS_MOVE = YES;
				CLANG_WARN_UNREACHABLE_CODE = YES;
				CLANG_WARN__DUPLICATE_METHOD_MATCH = YES;
				DEBUG_INFORMATION_FORMAT = dwarf;
				ENABLE_STRICT_OBJC_MSGSEND = YES;
				ENABLE_TESTABILITY = NO;
				GCC_C_LANGUAGE_STANDARD = c11;
				GCC_INLINES_ARE_PRIVATE_EXTERN = YES;
				GCC_MODEL_TUNING = G5;
				GCC_NO_COMMON_BLOCKS = YES;
				GCC_SYMBOLS_PRIVATE_EXTERN = YES;
				GCC_WARN_64_TO_32_BIT_CONVERSION = YES;
				GCC_WARN_ABOUT_RETURN_TYPE = YES;
				GCC_WARN_CHECK_SWITCH_STATEMENTS = YES;
				GCC_WARN_MISSING_PARENTHESES = YES;
				GCC_WARN_NON_VIRTUAL_DESTRUCTOR = YES;
				GCC_WARN_TYPECHECK_CALLS_TO_PRINTF = YES;
				GCC_WARN_UNDECLARED_SELECTOR = YES;
				GCC_WARN_UNINITIALIZED_AUTOS = YES;
				GCC_WARN_UNUSED_FUNCTION = YES;
				GCC_WARN_UNUSED_VARIABLE = YES;
				IPHONEOS_DEPLOYMENT_TARGET = 12.0;
				PRODUCT_NAME = HostPluginDemo;
				SDKROOT = iphoneos;
				TARGETED_DEVICE_FAMILY = "1,2";
				WARNING_CFLAGS = "-Wreorder";
				ZERO_LINK = NO;
			};
			name = Release;
		};
		9727AA663C6502C6CDD25F0E /* Release */ = {
			isa = XCBuildConfiguration;
			buildSettings = {
				ASSETCATALOG_COMPILER_APPICON_NAME = AppIcon;
				CLANG_CXX_LANGUAGE_STANDARD = "c++17";
				CLANG_CXX_LIBRARY = "libc++";
				CLANG_LINK_OBJC_RUNTIME = NO;
				CODE_SIGN_ENTITLEMENTS = Shared_Code.entitlements;
				COMBINE_HIDPI_IMAGES = YES;
				CONFIGURATION_BUILD_DIR = "$(PROJECT_DIR)/build/$(CONFIGURATION)";
				DEAD_CODE_STRIPPING = YES;
				GCC_GENERATE_DEBUGGING_SYMBOLS = NO;
				GCC_OPTIMIZATION_LEVEL = 3;
				GCC_PREPROCESSOR_DEFINITIONS = (
					"_NDEBUG=1",
					"NDEBUG=1",
					"JUCE_CONTENT_SHARING=1",
					"JUCE_PROJUCER_VERSION=0x80006",
					"JUCE_MODULE_AVAILABLE_juce_audio_basics=1",
					"JUCE_MODULE_AVAILABLE_juce_audio_devices=1",
					"JUCE_MODULE_AVAILABLE_juce_audio_formats=1",
					"JUCE_MODULE_AVAILABLE_juce_audio_plugin_client=1",
					"JUCE_MODULE_AVAILABLE_juce_audio_processors=1",
					"JUCE_MODULE_AVAILABLE_juce_audio_utils=1",
					"JUCE_MODULE_AVAILABLE_juce_core=1",
					"JUCE_MODULE_AVAILABLE_juce_data_structures=1",
					"JUCE_MODULE_AVAILABLE_juce_events=1",
					"JUCE_MODULE_AVAILABLE_juce_graphics=1",
					"JUCE_MODULE_AVAILABLE_juce_gui_basics=1",
					"JUCE_MODULE_AVAILABLE_juce_gui_extra=1",
					"JUCE_GLOBAL_MODULE_SETTINGS_INCLUDED=1",
					"JUCE_VST3_CAN_REPLACE_VST2=0",
					"JUCE_PLUGINHOST_VST=0",
					"JUCE_PLUGINHOST_VST3=0",
					"JUCE_PLUGINHOST_AU=1",
					"JUCE_STRICT_REFCOUNTEDPOINTER=0",
					"JucePlugin_Build_VST=0",
					"JucePlugin_Build_VST3=0",
					"JucePlugin_Build_AU=0",
					"JucePlugin_Build_AUv3=0",
					"JucePlugin_Build_AAX=0",
					"JucePlugin_Build_Standalone=1",
					"JucePlugin_Build_Unity=0",
					"JucePlugin_Build_LV2=0",
					"JucePlugin_Enable_IAA=0",
					"JucePlugin_Enable_ARA=0",
					"JucePlugin_Name=\\\"HostPluginDemo\\\"",
					"JucePlugin_Desc=\\\"HostPluginDemo\\\"",
					"JucePlugin_Manufacturer=\\\"JUCE\\\"",
					"JucePlugin_ManufacturerWebsite=\\\"http://juce.com\\\"",
					"JucePlugin_ManufacturerEmail=\\\"\\\"",
					"JucePlugin_ManufacturerCode=0x4d616e75",
					"JucePlugin_PluginCode=0x4364706f",
					"JucePlugin_IsSynth=1",
					"JucePlugin_WantsMidiInput=1",
					"JucePlugin_ProducesMidiOutput=1",
					"JucePlugin_IsMidiEffect=0",
					"JucePlugin_EditorRequiresKeyboardFocus=1",
					"JucePlugin_Version=1.0.0",
					"JucePlugin_VersionCode=0x10000",
					"JucePlugin_VersionString=\\\"1.0.0\\\"",
					"JucePlugin_VSTUniqueID=JucePlugin_PluginCode",
					"JucePlugin_VSTCategory=kPlugCategSynth",
					"JucePlugin_Vst3Category=\\\"Instrument|Synth\\\"",
					"JucePlugin_AUMainType=\\'aumu\\'",
					"JucePlugin_AUSubType=JucePlugin_PluginCode",
					"JucePlugin_AUExportPrefix=HostPluginDemoAU",
					"JucePlugin_AUExportPrefixQuoted=\\\"HostPluginDemoAU\\\"",
					"JucePlugin_AUManufacturerCode=JucePlugin_ManufacturerCode",
					"JucePlugin_CFBundleIdentifier=com.JUCE.HostPluginDemo",
					"JucePlugin_AAXIdentifier=com.JUCE.HostPluginDemo",
					"JucePlugin_AAXManufacturerCode=JucePlugin_ManufacturerCode",
					"JucePlugin_AAXProductId=JucePlugin_PluginCode",
					"JucePlugin_AAXCategory=2048",
					"JucePlugin_AAXDisableBypass=0",
					"JucePlugin_AAXDisableMultiMono=0",
					"JucePlugin_IAAType=0x61757269",
					"JucePlugin_IAASubType=JucePlugin_PluginCode",
					"JucePlugin_IAAName=\\\"JUCE:\\ HostPluginDemo\\\"",
					"JucePlugin_VSTNumMidiInputs=16",
					"JucePlugin_VSTNumMidiOutputs=16",
					"JucePlugin_ARAContentTypes=0",
					"JucePlugin_ARATransformationFlags=0",
					"JucePlugin_ARAFactoryID=\\\"com.JUCE.HostPluginDemo.factory\\\"",
					"JucePlugin_ARADocumentArchiveID=\\\"com.JUCE.HostPluginDemo.aradocumentarchive.1.0.0\\\"",
					"JucePlugin_ARACompatibleArchiveIDs=\\\"\\\"",
					"JUCE_STANDALONE_APPLICATION=JucePlugin_Build_Standalone",
					"PIP_JUCE_EXAMPLES_DIRECTORY=L1VzZXJzL2FtYW4vRG93bmxvYWRzL0pVQ0UvZXhhbXBsZXM=",
					"JUCER_XCODE_IPHONE_5BC26AE3=1",
					"JUCE_APP_VERSION=1.0.0",
					"JUCE_APP_VERSION_HEX=0x10000",
					"JUCE_SHARED_CODE=1",
				);
				GCC_VERSION = com.apple.compilers.llvm.clang.1_0;
				HEADER_SEARCH_PATHS = (
					"$(SRCROOT)/../../JuceLibraryCode",
					/Users/aman/Downloads/JUCE/modules,
					/Users/aman/Downloads/JUCE/modules/juce_audio_plugin_client/AU,
					"$(inherited)",
				);
				INSTALL_PATH = "@executable_path/Frameworks";
				LLVM_LTO = YES;
				MTL_HEADER_SEARCH_PATHS = "$(SRCROOT)/../../JuceLibraryCode /Users/aman/Downloads/JUCE/modules /Users/aman/Downloads/JUCE/modules/juce_audio_plugin_client/AU";
				PRODUCT_BUNDLE_IDENTIFIER = com.JUCE.HostPluginDemo;
				PRODUCT_NAME = HostPluginDemo;
				SKIP_INSTALL = YES;
				USE_HEADERMAP = NO;
			};
			name = Release;
		};
		CF4507FF2C809A9DB68D28E0 /* Release */ = {
			isa = XCBuildConfiguration;
			buildSettings = {
				ASSETCATALOG_COMPILER_APPICON_NAME = AppIcon;
				CLANG_CXX_LANGUAGE_STANDARD = "c++17";
				CLANG_CXX_LIBRARY = "libc++";
				CLANG_LINK_OBJC_RUNTIME = NO;
				CODE_SIGN_ENTITLEMENTS = All.entitlements;
				COMBINE_HIDPI_IMAGES = YES;
				CONFIGURATION_BUILD_DIR = "$(PROJECT_DIR)/build/$(CONFIGURATION)";
				DEAD_CODE_STRIPPING = YES;
				GCC_GENERATE_DEBUGGING_SYMBOLS = NO;
				GCC_OPTIMIZATION_LEVEL = 3;
				GCC_PREPROCESSOR_DEFINITIONS = (
					"_NDEBUG=1",
					"NDEBUG=1",
					"JUCE_CONTENT_SHARING=1",
					"JUCE_PROJUCER_VERSION=0x80006",
					"JUCE_MODULE_AVAILABLE_juce_audio_basics=1",
					"JUCE_MODULE_AVAILABLE_juce_audio_devices=1",
					"JUCE_MODULE_AVAILABLE_juce_audio_formats=1",
					"JUCE_MODULE_AVAILABLE_juce_audio_plugin_client=1",
					"JUCE_MODULE_AVAILABLE_juce_audio_processors=1",
					"JUCE_MODULE_AVAILABLE_juce_audio_utils=1",
					"JUCE_MODULE_AVAILABLE_juce_core=1",
					"JUCE_MODULE_AVAILABLE_juce_data_structures=1",
					"JUCE_MODULE_AVAILABLE_juce_events=1",
					"JUCE_MODULE_AVAILABLE_juce_graphics=1",
					"JUCE_MODULE_AVAILABLE_juce_gui_basics=1",
					"JUCE_MODULE_AVAILABLE_juce_gui_extra=1",
					"JUCE_GLOBAL_MODULE_SETTINGS_INCLUDED=1",
					"JUCE_VST3_CAN_REPLACE_VST2=0",
					"JUCE_PLUGINHOST_VST=0",
					"JUCE_PLUGINHOST_VST3=0",
					"JUCE_PLUGINHOST_AU=1",
					"JUCE_STRICT_REFCOUNTEDPOINTER=0",
					"JucePlugin_Build_VST=0",
					"JucePlugin_Build_VST3=0",
					"JucePlugin_Build_AU=0",
					"JucePlugin_Build_AUv3=0",
					"JucePlugin_Build_AAX=0",
					"JucePlugin_Build_Standalone=0",
					"JucePlugin_Build_Unity=0",
					"JucePlugin_Build_LV2=0",
					"JucePlugin_Enable_IAA=0",
					"JucePlugin_Enable_ARA=0",
					"JucePlugin_Name=\\\"HostPluginDemo\\\"",
					"JucePlugin_Desc=\\\"HostPluginDemo\\\"",
					"JucePlugin_Manufacturer=\\\"JUCE\\\"",
					"JucePlugin_ManufacturerWebsite=\\\"http://juce.com\\\"",
					"JucePlugin_ManufacturerEmail=\\\"\\\"",
					"JucePlugin_ManufacturerCode=0x4d616e75",
					"JucePlugin_PluginCode=0x4364706f",
					"JucePlugin_IsSynth=1",
					"JucePlugin_WantsMidiInput=1",
					"JucePlugin_ProducesMidiOutput=1",
					"JucePlugin_IsMidiEffect=0",
					"JucePlugin_EditorRequiresKeyboardFocus=1",
					"JucePlugin_Version=1.0.0",
					"JucePlugin_VersionCode=0x10000",
					"JucePlugin_VersionString=\\\"1.0.0\\\"",
					"JucePlugin_VSTUniqueID=JucePlugin_PluginCode",
					"JucePlugin_VSTCategory=kPlugCategSynth",
					"JucePlugin_Vst3Category=\\\"Instrument|Synth\\\"",
					"JucePlugin_AUMainType=\\'aumu\\'",
					"JucePlugin_AUSubType=JucePlugin_PluginCode",
					"JucePlugin_AUExportPrefix=HostPluginDemoAU",
					"JucePlugin_AUExportPrefixQuoted=\\\"HostPluginDemoAU\\\"",
					"JucePlugin_AUManufacturerCode=JucePlugin_ManufacturerCode",
					"JucePlugin_CFBundleIdentifier=com.JUCE.HostPluginDemo",
					"JucePlugin_AAXIdentifier=com.JUCE.HostPluginDemo",
					"JucePlugin_AAXManufacturerCode=JucePlugin_ManufacturerCode",
					"JucePlugin_AAXProductId=JucePlugin_PluginCode",
					"JucePlugin_AAXCategory=2048",
					"JucePlugin_AAXDisableBypass=0",
					"JucePlugin_AAXDisableMultiMono=0",
					"JucePlugin_IAAType=0x61757269",
					"JucePlugin_IAASubType=JucePlugin_PluginCode",
					"JucePlugin_IAAName=\\\"JUCE:\\ HostPluginDemo\\\"",
					"JucePlugin_VSTNumMidiInputs=16",
					"JucePlugin_VSTNumMidiOutputs=16",
					"JucePlugin_ARAContentTypes=0",
					"JucePlugin_ARATransformationFlags=0",
					"JucePlugin_ARAFactoryID=\\\"com.JUCE.HostPluginDemo.factory\\\"",
					"JucePlugin_ARADocumentArchiveID=\\\"com.JUCE.HostPluginDemo.aradocumentarchive.1.0.0\\\"",
					"JucePlugin_ARACompatibleArchiveIDs=\\\"\\\"",
					"JUCE_STANDALONE_APPLICATION=JucePlugin_Build_Standalone",
					"PIP_JUCE_EXAMPLES_DIRECTORY=L1VzZXJzL2FtYW4vRG93bmxvYWRzL0pVQ0UvZXhhbXBsZXM=",
					"JUCER_XCODE_IPHONE_5BC26AE3=1",
					"JUCE_APP_VERSION=1.0.0",
					"JUCE_APP_VERSION_HEX=0x10000",
				);
				GCC_VERSION = com.apple.compilers.llvm.clang.1_0;
				HEADER_SEARCH_PATHS = (
					"$(SRCROOT)/../../JuceLibraryCode",
					/Users/aman/Downloads/JUCE/modules,
					/Users/aman/Downloads/JUCE/modules/juce_audio_plugin_client/AU,
					"$(inherited)",
				);
				LLVM_LTO = YES;
				MTL_HEADER_SEARCH_PATHS = "$(SRCROOT)/../../JuceLibraryCode /Users/aman/Downloads/JUCE/modules /Users/aman/Downloads/JUCE/modules/juce_audio_plugin_client/AU";
				OTHER_LDFLAGS = "-lHostPluginDemo";
				PRODUCT_BUNDLE_IDENTIFIER = com.JUCE.HostPluginDemo;
				PRODUCT_NAME = HostPluginDemo;
				USE_HEADERMAP = NO;
			};
			name = Release;
		};
/* End XCBuildConfiguration section */

/* Begin XCConfigurationList section */
		17A54AFE93AE09F1D6220732 /* Build configuration list for PBXProject "HostPluginDemo" */ = {
			isa = XCConfigurationList;
			buildConfigurations = (
				143C46A0696BFEFB1D9C5A8B /* Debug */,
				9720A8A1CF3F69F674BDA54F /* Release */,
			);
			defaultConfigurationIsVisible = 0;
			defaultConfigurationName = Debug;
		};
		2B7EB437C836E3D8306B3470 /* Build configuration list for PBXNativeTarget "HostPluginDemo - Standalone Plugin" */ = {
			isa = XCConfigurationList;
			buildConfigurations = (
				37020DE003F0BE8FFA0F5411 /* Debug */,
				33E2BC0129BBF59AD46E399C /* Release */,
			);
			defaultConfigurationIsVisible = 0;
			defaultConfigurationName = Debug;
		};
		AE7E4E412C501B2363120716 /* Build configuration list for PBXAggregateTarget "HostPluginDemo - All" */ = {
			isa = XCConfigurationList;
			buildConfigurations = (
				3C85E1F89C3728F1DB8951DD /* Debug */,
				CF4507FF2C809A9DB68D28E0 /* Release */,
			);
			defaultConfigurationIsVisible = 0;
			defaultConfigurationName = Debug;
		};
		C0E0EE8F6C15E2637348DDE4 /* Build configuration list for PBXNativeTarget "HostPluginDemo - Shared Code" */ = {
			isa = XCConfigurationList;
			buildConfigurations = (
				2E2AE7144B3DB6F24268312C /* Debug */,
				9727AA663C6502C6CDD25F0E /* Release */,
			);
			defaultConfigurationIsVisible = 0;
			defaultConfigurationName = Debug;
		};
/* End XCConfigurationList section */
	};
	rootObject = 426EC354623FA9CD7D144484 /* Project object */;
}
